
Microsoft Visual Studio Solution File, Format Version 12.00
# Visual Studio 2015
Project("{FAE04EC0-301F-11D3-BF4B-00C04F79EFBC}") = "SimpleFarm", "SimpleFarm.csproj", "{B1043F3E-C8D6-B800-8FBA-6006F87A4BCE}"
EndProject
Global
	GlobalSection(SolutionConfigurationPlatforms) = preSolution
		Debug|Any CPU = Debug|Any CPU
		Release|Any CPU = Release|Any CPU
	EndGlobalSection
	GlobalSection(ProjectConfigurationPlatforms) = postSolution
		{B1043F3E-C8D6-B800-8FBA-6006F87A4BCE}.Debug|Any CPU.ActiveCfg = Debug|Any CPU
		{B1043F3E-C8D6-B800-8FBA-6006F87A4BCE}.Debug|Any CPU.Build.0 = Debug|Any CPU
		{B1043F3E-C8D6-B800-8FBA-6006F87A4BCE}.Release|Any CPU.ActiveCfg = Release|Any CPU
		{B1043F3E-C8D6-B800-8FBA-6006F87A4BCE}.Release|Any CPU.Build.0 = Release|Any CPU
	EndGlobalSection
	GlobalSection(SolutionProperties) = preSolution
		HideSolutionNode = FALSE
	EndGlobalSection
EndGlobal
